// !$*UTF8*$!
{
	archiveVersion = 1;
	classes = {
	};
	objectVersion = 46;
	objects = {

/* Begin PBXBuildFile section */
		965260FB404EB50B175FF4FB /* Pods_HKTest.framework in Frameworks */ = {isa = PBXBuildFile; fileRef = DED8FAE69C3C1FDAA235EA1F /* Pods_HKTest.framework */; };
		9742C83C1DF549300033F6B8 /* HealthManager.swift in Sources */ = {isa = PBXBuildFile; fileRef = 9742C83B1DF549300033F6B8 /* HealthManager.swift */; };
		97D13D831DF27D86004086B4 /* AppDelegate.swift in Sources */ = {isa = PBXBuildFile; fileRef = 97D13D821DF27D86004086B4 /* AppDelegate.swift */; };
		97D13D851DF27D86004086B4 /* ViewController.swift in Sources */ = {isa = PBXBuildFile; fileRef = 97D13D841DF27D86004086B4 /* ViewController.swift */; };
		97D13D881DF27D86004086B4 /* Main.storyboard in Resources */ = {isa = PBXBuildFile; fileRef = 97D13D861DF27D86004086B4 /* Main.storyboard */; };
		97D13D8A1DF27D86004086B4 /* Assets.xcassets in Resources */ = {isa = PBXBuildFile; fileRef = 97D13D891DF27D86004086B4 /* Assets.xcassets */; };
		97D13D8D1DF27D86004086B4 /* LaunchScreen.storyboard in Resources */ = {isa = PBXBuildFile; fileRef = 97D13D8B1DF27D86004086B4 /* LaunchScreen.storyboard */; };
		97D13D961DF27D96004086B4 /* HealthKit.framework in Frameworks */ = {isa = PBXBuildFile; fileRef = 97D13D951DF27D96004086B4 /* HealthKit.framework */; };
/* End PBXBuildFile section */

/* Begin PBXFileReference section */
		308E7BA072844E9EA683F92F /* Pods-HKTest.release.xcconfig */ = {isa = PBXFileReference; includeInIndex = 1; lastKnownFileType = text.xcconfig; name = "Pods-HKTest.release.xcconfig"; path = "Pods/Target Support Files/Pods-HKTest/Pods-HKTest.release.xcconfig"; sourceTree = "<group>"; };
		539B7DB525849CF1B699726C /* Pods-HKTest.debug.xcconfig */ = {isa = PBXFileReference; includeInIndex = 1; lastKnownFileType = text.xcconfig; name = "Pods-HKTest.debug.xcconfig"; path = "Pods/Target Support Files/Pods-HKTest/Pods-HKTest.debug.xcconfig"; sourceTree = "<group>"; };
		9742C83B1DF549300033F6B8 /* HealthManager.swift */ = {isa = PBXFileReference; fileEncoding = 4; lastKnownFileType = sourcecode.swift; path = HealthManager.swift; sourceTree = "<group>"; };
		97D13D7F1DF27D86004086B4 /* HKTest.app */ = {isa = PBXFileReference; explicitFileType = wrapper.application; includeInIndex = 0; path = HKTest.app; sourceTree = BUILT_PRODUCTS_DIR; };
		97D13D821DF27D86004086B4 /* AppDelegate.swift */ = {isa = PBXFileReference; lastKnownFileType = sourcecode.swift; path = AppDelegate.swift; sourceTree = "<group>"; };
		97D13D841DF27D86004086B4 /* ViewController.swift */ = {isa = PBXFileReference; lastKnownFileType = sourcecode.swift; path = ViewController.swift; sourceTree = "<group>"; };
		97D13D871DF27D86004086B4 /* Base */ = {isa = PBXFileReference; lastKnownFileType = file.storyboard; name = Base; path = Base.lproj/Main.storyboard; sourceTree = "<group>"; };
		97D13D891DF27D86004086B4 /* Assets.xcassets */ = {isa = PBXFileReference; lastKnownFileType = folder.assetcatalog; path = Assets.xcassets; sourceTree = "<group>"; };
		97D13D8C1DF27D86004086B4 /* Base */ = {isa = PBXFileReference; lastKnownFileType = file.storyboard; name = Base; path = Base.lproj/LaunchScreen.storyboard; sourceTree = "<group>"; };
		97D13D8E1DF27D87004086B4 /* Info.plist */ = {isa = PBXFileReference; lastKnownFileType = text.plist.xml; path = Info.plist; sourceTree = "<group>"; };
		97D13D951DF27D96004086B4 /* HealthKit.framework */ = {isa = PBXFileReference; lastKnownFileType = wrapper.framework; name = HealthKit.framework; path = System/Library/Frameworks/HealthKit.framework; sourceTree = SDKROOT; };
		97D13D971DF27D96004086B4 /* HKTest.entitlements */ = {isa = PBXFileReference; lastKnownFileType = text.plist.entitlements; path = HKTest.entitlements; sourceTree = "<group>"; };
		DED8FAE69C3C1FDAA235EA1F /* Pods_HKTest.framework */ = {isa = PBXFileReference; explicitFileType = wrapper.framework; includeInIndex = 0; path = Pods_HKTest.framework; sourceTree = BUILT_PRODUCTS_DIR; };
/* End PBXFileReference section */

/* Begin PBXFrameworksBuildPhase section */
		97D13D7C1DF27D86004086B4 /* Frameworks */ = {
			isa = PBXFrameworksBuildPhase;
			buildActionMask = 2147483647;
			files = (
				97D13D961DF27D96004086B4 /* HealthKit.framework in Frameworks */,
				965260FB404EB50B175FF4FB /* Pods_HKTest.framework in Frameworks */,
			);
			runOnlyForDeploymentPostprocessing = 0;
		};
/* End PBXFrameworksBuildPhase section */

/* Begin PBXGroup section */
		97D13D761DF27D86004086B4 = {
			isa = PBXGroup;
			children = (
				97D13D811DF27D86004086B4 /* HKTest */,
				97D13D801DF27D86004086B4 /* Products */,
				97D13D941DF27D96004086B4 /* Frameworks */,
				CE620CD3C5DB75FBCBA7ADF4 /* Pods */,
			);
			sourceTree = "<group>";
		};
		97D13D801DF27D86004086B4 /* Products */ = {
			isa = PBXGroup;
			children = (
				97D13D7F1DF27D86004086B4 /* HKTest.app */,
			);
			name = Products;
			sourceTree = "<group>";
		};
		97D13D811DF27D86004086B4 /* HKTest */ = {
			isa = PBXGroup;
			children = (
				97D13D971DF27D96004086B4 /* HKTest.entitlements */,
				97D13D821DF27D86004086B4 /* AppDelegate.swift */,
				97D13D841DF27D86004086B4 /* ViewController.swift */,
				97D13D861DF27D86004086B4 /* Main.storyboard */,
				97D13D891DF27D86004086B4 /* Assets.xcassets */,
				97D13D8B1DF27D86004086B4 /* LaunchScreen.storyboard */,
				97D13D8E1DF27D87004086B4 /* Info.plist */,
				9742C83B1DF549300033F6B8 /* HealthManager.swift */,
			);
			path = HKTest;
			sourceTree = "<group>";
		};
		97D13D941DF27D96004086B4 /* Frameworks */ = {
			isa = PBXGroup;
			children = (
				97D13D951DF27D96004086B4 /* HealthKit.framework */,
				DED8FAE69C3C1FDAA235EA1F /* Pods_HKTest.framework */,
			);
			name = Frameworks;
			sourceTree = "<group>";
		};
		CE620CD3C5DB75FBCBA7ADF4 /* Pods */ = {
			isa = PBXGroup;
			children = (
				539B7DB525849CF1B699726C /* Pods-HKTest.debug.xcconfig */,
				308E7BA072844E9EA683F92F /* Pods-HKTest.release.xcconfig */,
			);
			name = Pods;
			sourceTree = "<group>";
		};
/* End PBXGroup section */

/* Begin PBXNativeTarget section */
		97D13D7E1DF27D86004086B4 /* HKTest */ = {
			isa = PBXNativeTarget;
			buildConfigurationList = 97D13D911DF27D87004086B4 /* Build configuration list for PBXNativeTarget "HKTest" */;
			buildPhases = (
				99D6442D7E1ADBB06A9E96FD /* [CP] Check Pods Manifest.lock */,
				97D13D7B1DF27D86004086B4 /* Sources */,
				97D13D7C1DF27D86004086B4 /* Frameworks */,
				97D13D7D1DF27D86004086B4 /* Resources */,
				97D13D981DF2CD4E004086B4 /* ShellScript */,
				7521AF171F5733EBE84D930C /* [CP] Embed Pods Frameworks */,
				5F9FA18BACBAEE52B67904CF /* [CP] Copy Pods Resources */,
			);
			buildRules = (
			);
			dependencies = (
			);
			name = HKTest;
			productName = HKTest;
			productReference = 97D13D7F1DF27D86004086B4 /* HKTest.app */;
			productType = "com.apple.product-type.application";
		};
/* End PBXNativeTarget section */

/* Begin PBXProject section */
		97D13D771DF27D86004086B4 /* Project object */ = {
			isa = PBXProject;
			attributes = {
				LastSwiftUpdateCheck = 0810;
				LastUpgradeCheck = 0810;
				ORGANIZATIONNAME = xingshulin;
				TargetAttributes = {
					97D13D7E1DF27D86004086B4 = {
						CreatedOnToolsVersion = 8.1;
						DevelopmentTeam = QWSNT2M7Y3;
						ProvisioningStyle = Manual;
						SystemCapabilities = {
							com.apple.HealthKit = {
								enabled = 1;
							};
						};
					};
				};
			};
			buildConfigurationList = 97D13D7A1DF27D86004086B4 /* Build configuration list for PBXProject "HKTest" */;
			compatibilityVersion = "Xcode 3.2";
			developmentRegion = English;
			hasScannedForEncodings = 0;
			knownRegions = (
				en,
				Base,
			);
			mainGroup = 97D13D761DF27D86004086B4;
			productRefGroup = 97D13D801DF27D86004086B4 /* Products */;
			projectDirPath = "";
			projectRoot = "";
			targets = (
				97D13D7E1DF27D86004086B4 /* HKTest */,
			);
		};
/* End PBXProject section */

/* Begin PBXResourcesBuildPhase section */
		97D13D7D1DF27D86004086B4 /* Resources */ = {
			isa = PBXResourcesBuildPhase;
			buildActionMask = 2147483647;
			files = (
				97D13D8D1DF27D86004086B4 /* LaunchScreen.storyboard in Resources */,
				97D13D8A1DF27D86004086B4 /* Assets.xcassets in Resources */,
				97D13D881DF27D86004086B4 /* Main.storyboard in Resources */,
			);
			runOnlyForDeploymentPostprocessing = 0;
		};
/* End PBXResourcesBuildPhase section */

/* Begin PBXShellScriptBuildPhase section */
		5F9FA18BACBAEE52B67904CF /* [CP] Copy Pods Resources */ = {
			isa = PBXShellScriptBuildPhase;
			buildActionMask = 2147483647;
			files = (
			);
			inputPaths = (
			);
			name = "[CP] Copy Pods Resources";
			outputPaths = (
			);
			runOnlyForDeploymentPostprocessing = 0;
			shellPath = /bin/sh;
			shellScript = "\"${SRCROOT}/Pods/Target Support Files/Pods-HKTest/Pods-HKTest-resources.sh\"\n";
			showEnvVarsInLog = 0;
		};
		7521AF171F5733EBE84D930C /* [CP] Embed Pods Frameworks */ = {
			isa = PBXShellScriptBuildPhase;
			buildActionMask = 2147483647;
			files = (
			);
			inputPaths = (
			);
			name = "[CP] Embed Pods Frameworks";
			outputPaths = (
			);
			runOnlyForDeploymentPostprocessing = 0;
			shellPath = /bin/sh;
			shellScript = "\"${SRCROOT}/Pods/Target Support Files/Pods-HKTest/Pods-HKTest-frameworks.sh\"\n";
			showEnvVarsInLog = 0;
		};
		97D13D981DF2CD4E004086B4 /* ShellScript */ = {
			isa = PBXShellScriptBuildPhase;
			buildActionMask = 2147483647;
			files = (
			);
			inputPaths = (
			);
			outputPaths = (
			);
			runOnlyForDeploymentPostprocessing = 0;
			shellPath = /bin/sh;
			shellScript = "echo \"_________start\"\ndeclare -p\necho \"_________end\"\n";
		};
		99D6442D7E1ADBB06A9E96FD /* [CP] Check Pods Manifest.lock */ = {
			isa = PBXShellScriptBuildPhase;
			buildActionMask = 2147483647;
			files = (
			);
			inputPaths = (
			);
			name = "[CP] Check Pods Manifest.lock";
			outputPaths = (
			);
			runOnlyForDeploymentPostprocessing = 0;
			shellPath = /bin/sh;
			shellScript = "diff \"${PODS_ROOT}/../Podfile.lock\" \"${PODS_ROOT}/Manifest.lock\" > /dev/null\nif [ $? != 0 ] ; then\n    # print error to STDERR\n    echo \"error: The sandbox is not in sync with the Podfile.lock. Run 'pod install' or update your CocoaPods installation.\" >&2\n    exit 1\nfi\n";
			showEnvVarsInLog = 0;
		};
/* End PBXShellScriptBuildPhase section */

/* Begin PBXSourcesBuildPhase section */
		97D13D7B1DF27D86004086B4 /* Sources */ = {
			isa = PBXSourcesBuildPhase;
			buildActionMask = 2147483647;
			files = (
				97D13D851DF27D86004086B4 /* ViewController.swift in Sources */,
				9742C83C1DF549300033F6B8 /* HealthManager.swift in Sources */,
				97D13D831DF27D86004086B4 /* AppDelegate.swift in Sources */,
			);
			runOnlyForDeploymentPostprocessing = 0;
		};
/* End PBXSourcesBuildPhase section */

/* Begin PBXVariantGroup section */
		97D13D861DF27D86004086B4 /* Main.storyboard */ = {
			isa = PBXVariantGroup;
			children = (
				97D13D871DF27D86004086B4 /* Base */,
			);
			name = Main.storyboard;
			sourceTree = "<group>";
		};
		97D13D8B1DF27D86004086B4 /* LaunchScreen.storyboard */ = {
			isa = PBXVariantGroup;
			children = (
				97D13D8C1DF27D86004086B4 /* Base */,
			);
			name = LaunchScreen.storyboard;
			sourceTree = "<group>";
		};
/* End PBXVariantGroup section */

/* Begin XCBuildConfiguration section */
		97D13D8F1DF27D87004086B4 /* Debug */ = {
			isa = XCBuildConfiguration;
			buildSettings = {
				ALWAYS_SEARCH_USER_PATHS = NO;
				CLANG_ANALYZER_NONNULL = YES;
				CLANG_CXX_LANGUAGE_STANDARD = "gnu++0x";
				CLANG_CXX_LIBRARY = "libc++";
				CLANG_ENABLE_MODULES = YES;
				CLANG_ENABLE_OBJC_ARC = YES;
				CLANG_WARN_BOOL_CONVERSION = YES;
				CLANG_WARN_CONSTANT_CONVERSION = YES;
				CLANG_WARN_DIRECT_OBJC_ISA_USAGE = YES_ERROR;
				CLANG_WARN_DOCUMENTATION_COMMENTS = YES;
				CLANG_WARN_EMPTY_BODY = YES;
				CLANG_WARN_ENUM_CONVERSION = YES;
				CLANG_WARN_INFINITE_RECURSION = YES;
				CLANG_WARN_INT_CONVERSION = YES;
				CLANG_WARN_OBJC_ROOT_CLASS = YES_ERROR;
				CLANG_WARN_SUSPICIOUS_MOVES = YES;
				CLANG_WARN_UNREACHABLE_CODE = YES;
				CLANG_WARN__DUPLICATE_METHOD_MATCH = YES;
				"CODE_SIGN_IDENTITY[sdk=iphoneos*]" = "iPhone Developer";
				COPY_PHASE_STRIP = NO;
				DEBUG_INFORMATION_FORMAT = dwarf;
				ENABLE_STRICT_OBJC_MSGSEND = YES;
				ENABLE_TESTABILITY = YES;
				GCC_C_LANGUAGE_STANDARD = gnu99;
				GCC_DYNAMIC_NO_PIC = NO;
				GCC_NO_COMMON_BLOCKS = YES;
				GCC_OPTIMIZATION_LEVEL = 0;
				GCC_PREPROCESSOR_DEFINITIONS = (
					"DEBUG=1",
					"$(inherited)",
				);
				GCC_WARN_64_TO_32_BIT_CONVERSION = YES;
				GCC_WARN_ABOUT_RETURN_TYPE = YES_ERROR;
				GCC_WARN_UNDECLARED_SELECTOR = YES;
				GCC_WARN_UNINITIALIZED_AUTOS = YES_AGGRESSIVE;
				GCC_WARN_UNUSED_FUNCTION = YES;
				GCC_WARN_UNUSED_VARIABLE = YES;
				IPHONEOS_DEPLOYMENT_TARGET = 10.1;
				MTL_ENABLE_DEBUG_INFO = YES;
				ONLY_ACTIVE_ARCH = YES;
				SDKROOT = iphoneos;
				SWIFT_ACTIVE_COMPILATION_CONDITIONS = DEBUG;
				SWIFT_OPTIMIZATION_LEVEL = "-Onone";
				TARGETED_DEVICE_FAMILY = "1,2";
			};
			name = Debug;
		};
		97D13D901DF27D87004086B4 /* Release */ = {
			isa = XCBuildConfiguration;
			buildSettings = {
				ALWAYS_SEARCH_USER_PATHS = NO;
				CLANG_ANALYZER_NONNULL = YES;
				CLANG_CXX_LANGUAGE_STANDARD = "gnu++0x";
				CLANG_CXX_LIBRARY = "libc++";
				CLANG_ENABLE_MODULES = YES;
				CLANG_ENABLE_OBJC_ARC = YES;
				CLANG_WARN_BOOL_CONVERSION = YES;
				CLANG_WARN_CONSTANT_CONVERSION = YES;
				CLANG_WARN_DIRECT_OBJC_ISA_USAGE = YES_ERROR;
				CLANG_WARN_DOCUMENTATION_COMMENTS = YES;
				CLANG_WARN_EMPTY_BODY = YES;
				CLANG_WARN_ENUM_CONVERSION = YES;
				CLANG_WARN_INFINITE_RECURSION = YES;
				CLANG_WARN_INT_CONVERSION = YES;
				CLANG_WARN_OBJC_ROOT_CLASS = YES_ERROR;
				CLANG_WARN_SUSPICIOUS_MOVES = YES;
				CLANG_WARN_UNREACHABLE_CODE = YES;
				CLANG_WARN__DUPLICATE_METHOD_MATCH = YES;
				"CODE_SIGN_IDENTITY[sdk=iphoneos*]" = "iPhone Developer";
				COPY_PHASE_STRIP = NO;
				DEBUG_INFORMATION_FORMAT = "dwarf-with-dsym";
				ENABLE_NS_ASSERTIONS = NO;
				ENABLE_STRICT_OBJC_MSGSEND = YES;
				GCC_C_LANGUAGE_STANDARD = gnu99;
				GCC_NO_COMMON_BLOCKS = YES;
				GCC_WARN_64_TO_32_BIT_CONVERSION = YES;
				GCC_WARN_ABOUT_RETURN_TYPE = YES_ERROR;
				GCC_WARN_UNDECLARED_SELECTOR = YES;
				GCC_WARN_UNINITIALIZED_AUTOS = YES_AGGRESSIVE;
				GCC_WARN_UNUSED_FUNCTION = YES;
				GCC_WARN_UNUSED_VARIABLE = YES;
				IPHONEOS_DEPLOYMENT_TARGET = 10.1;
				MTL_ENABLE_DEBUG_INFO = NO;
				SDKROOT = iphoneos;
				SWIFT_OPTIMIZATION_LEVEL = "-Owholemodule";
				TARGETED_DEVICE_FAMILY = "1,2";
				VALIDATE_PRODUCT = YES;
			};
			name = Release;
		};
		97D13D921DF27D87004086B4 /* Debug */ = {
			isa = XCBuildConfiguration;
			baseConfigurationReference = 539B7DB525849CF1B699726C /* Pods-HKTest.debug.xcconfig */;
			buildSettings = {
				ASSETCATALOG_COMPILER_APPICON_NAME = AppIcon;
				CODE_SIGN_ENTITLEMENTS = HKTest/HKTest.entitlements;
				CODE_SIGN_IDENTITY = "iPhone Developer: rulin wang (JZTA4QCWRN)";
				"CODE_SIGN_IDENTITY[sdk=iphoneos*]" = "iPhone Developer: rulin wang (JZTA4QCWRN)";
				DEVELOPMENT_TEAM = QWSNT2M7Y3;
				INFOPLIST_FILE = HKTest/Info.plist;
				LD_RUNPATH_SEARCH_PATHS = "$(inherited) @executable_path/Frameworks";
				PRODUCT_BUNDLE_IDENTIFIER = com.wrl.HKTest;
				PRODUCT_NAME = "$(TARGET_NAME)";
				PROVISIONING_PROFILE_SPECIFIER = wrl_hk_test;
				SWIFT_VERSION = 3.0;
			};
			name = Debug;
		};
		97D13D931DF27D87004086B4 /* Release */ = {
			isa = XCBuildConfiguration;
			baseConfigurationReference = 308E7BA072844E9EA683F92F /* Pods-HKTest.release.xcconfig */;
			buildSettings = {
				ASSETCATALOG_COMPILER_APPICON_NAME = AppIcon;
				CODE_SIGN_ENTITLEMENTS = HKTest/HKTest.entitlements;
				CODE_SIGN_IDENTITY = "iPhone Distribution";
				DEVELOPMENT_TEAM = QWSNT2M7Y3;
				INFOPLIST_FILE = HKTest/Info.plist;
				LD_RUNPATH_SEARCH_PATHS = "$(inherited) @executable_path/Frameworks";
				PRODUCT_BUNDLE_IDENTIFIER = com.wrl.HKTest;
				PRODUCT_NAME = "$(TARGET_NAME)";
				SWIFT_VERSION = 3.0;
			};
			name = Release;
		};
/* End XCBuildConfiguration section */

/* Begin XCConfigurationList section */
		97D13D7A1DF27D86004086B4 /* Build configuration list for PBXProject "HKTest" */ = {
			isa = XCConfigurationList;
			buildConfigurations = (
				97D13D8F1DF27D87004086B4 /* Debug */,
				97D13D901DF27D87004086B4 /* Release */,
			);
			defaultConfigurationIsVisible = 0;
			defaultConfigurationName = Release;
		};
		97D13D911DF27D87004086B4 /* Build configuration list for PBXNativeTarget "HKTest" */ = {
			isa = XCConfigurationList;
			buildConfigurations = (
				97D13D921DF27D87004086B4 /* Debug */,
				97D13D931DF27D87004086B4 /* Release */,
			);
			defaultConfigurationIsVisible = 0;
			defaultConfigurationName = Release;
		};
/* End XCConfigurationList section */
	};
	rootObject = 97D13D771DF27D86004086B4 /* Project object */;
}
